
Microsoft Visual Studio Solution File, Format Version 12.00
# Visual Studio Version 17
VisualStudioVersion = 17.14.36414.22
MinimumVisualStudioVersion = 10.0.40219.1
Project("{FAE04EC0-301F-11D3-BF4B-00C04F79EFBC}") = "randomkiwi", "randomkiwi\randomkiwi.csproj", "{B2FCD868-7455-4B57-A0C8-D5C61DF3939A}"
EndProject
Project("{2150E333-8FDC-42A3-9474-1A3956D46DE8}") = "Tests", "Tests", "{02EA681E-C7D8-13C7-8484-4AC65E1B71E8}"
EndProject
Project("{FAE04EC0-301F-11D3-BF4B-00C04F79EFBC}") = "randomkiwi.Tests", "randomkiwi.Tests\randomkiwi.Tests.csproj", "{3236E1FC-BE2C-4E2F-BB1D-4C49D64F8C6B}"
EndProject
Global
	GlobalSection(SolutionConfigurationPlatforms) = preSolution
		Debug|Any CPU = Debug|Any CPU
		Release|Any CPU = Release|Any CPU
	EndGlobalSection
	GlobalSection(ProjectConfigurationPlatforms) = postSolution
		{B2FCD868-7455-4B57-A0C8-D5C61DF3939A}.Debug|Any CPU.ActiveCfg = Debug|Any CPU
		{B2FCD868-7455-4B57-A0C8-D5C61DF3939A}.Debug|Any CPU.Build.0 = Debug|Any CPU
		{B2FCD868-7455-4B57-A0C8-D5C61DF3939A}.Debug|Any CPU.Deploy.0 = Debug|Any CPU
		{B2FCD868-7455-4B57-A0C8-D5C61DF3939A}.Release|Any CPU.ActiveCfg = Release|Any CPU
		{B2FCD868-7455-4B57-A0C8-D5C61DF3939A}.Release|Any CPU.Build.0 = Release|Any CPU
		{3236E1FC-BE2C-4E2F-BB1D-4C49D64F8C6B}.Debug|Any CPU.ActiveCfg = Debug|Any CPU
		{3236E1FC-BE2C-4E2F-BB1D-4C49D64F8C6B}.Debug|Any CPU.Build.0 = Debug|Any CPU
		{3236E1FC-BE2C-4E2F-BB1D-4C49D64F8C6B}.Release|Any CPU.ActiveCfg = Release|Any CPU
		{3236E1FC-BE2C-4E2F-BB1D-4C49D64F8C6B}.Release|Any CPU.Build.0 = Release|Any CPU
	EndGlobalSection
	GlobalSection(SolutionProperties) = preSolution
		HideSolutionNode = FALSE
	EndGlobalSection
	GlobalSection(NestedProjects) = preSolution
		{3236E1FC-BE2C-4E2F-BB1D-4C49D64F8C6B} = {02EA681E-C7D8-13C7-8484-4AC65E1B71E8}
	EndGlobalSection
	GlobalSection(ExtensibilityGlobals) = postSolution
		SolutionGuid = {4B431BAF-C832-444D-A499-9C30DA94C02C}
	EndGlobalSection
EndGlobal
